{
  "name": "@sonicoriginalsoftware/pwa-tools",
  "version": "0.3.4-alpha",
  "lockfileVersion": 1,
  "requires": true,
  "dependencies": {
    "@sonicoriginalsoftware/jester": {
      "version": "0.2.5",
      "resolved": "https://registry.npmjs.org/@sonicoriginalsoftware/jester/-/jester-0.2.5.tgz",
      "integrity": "sha512-kuReMhv5jGljHRN9ix6xVnG3sIGOs+dkEmP4mHa17dL3qEkJUwzx+CbvfZqQO7CM0eimjYqCPE8aoyo+XHBvcw==",
      "dev": true
    },
    "@sonicoriginalsoftware/unzipper": {
      "version": "1.0.0",
      "resolved": "https://registry.npmjs.org/@sonicoriginalsoftware/unzipper/-/unzipper-1.0.0.tgz",
      "integrity": "sha512-QLdiL2vkcUS0ygBfg7u0i7tWx5pEh3AyvC9LPfR6VT+ICEi0BfbT8xmZPrZAD7uB4IgSt0dRHEso/6DR5Plweg=="
    },
    "@types/node": {
      "version": "14.0.27",
      "resolved": "https://registry.npmjs.org/@types/node/-/node-14.0.27.tgz",
      "integrity": "sha512-kVrqXhbclHNHGu9ztnAwSncIgJv/FaxmzXJvGXNdcCpV1b8u1/Mi6z6m0vwy0LzKeXFTPLH0NzwmoJ3fNCIq0g==",
      "dev": true
    }
  }
}
