{
  "name": "@sonicoriginalsoftware/pwa-tools",
  "version": "0.1.0",
  "lockfileVersion": 1,
  "requires": true,
  "dependencies": {
    "@sonicoriginalsoftware/jester": {
      "version": "0.2.4",
      "resolved": "https://registry.npmjs.org/@sonicoriginalsoftware/jester/-/jester-0.2.4.tgz",
      "integrity": "sha512-q+S91hQrAEUySWAwPfxBC8AI5wfAjBH0HUYFMSuNevm1GtE/rqAbsCpblsGnSwQhT9RJU2wiNJLp4f0F46cNJA==",
      "dev": true
    },
    "@types/node": {
      "version": "14.0.27",
      "resolved": "https://registry.npmjs.org/@types/node/-/node-14.0.27.tgz",
      "integrity": "sha512-kVrqXhbclHNHGu9ztnAwSncIgJv/FaxmzXJvGXNdcCpV1b8u1/Mi6z6m0vwy0LzKeXFTPLH0NzwmoJ3fNCIq0g==",
      "dev": true
    }
  }
}
